{
    "name": "kodiak-connect",
    "version": "1.13.30",
    "lockfileVersion": 3,
    "requires": true,
    "packages": {
        "": {
            "name": "kodiak-connect",
            "version": "1.13.30",
            "dependencies": {
                "@capacitor/android": "latest",
                "@capacitor/core": "latest",
                "@capacitor/push-notifications": "^8.1.1",
                "@tauri-apps/api": "latest",
                "@tauri-apps/plugin-dialog": "^2.7.1",
                "@tauri-apps/plugin-fs": "^2.5.1",
                "@tauri-apps/plugin-notification": "^2.3.3",
                "@tauri-apps/plugin-opener": "^2.5.4",
                "@tauri-apps/plugin-updater": "latest",
                "electron-updater": "^6.8.9",
                "firebase-admin": "^14.0.0",
                "livekit-client": "^2.19.2",
                "livekit-server-sdk": "^2.15.4",
                "pg": "latest",
                "react": "latest",
                "react-dom": "latest",
                "web-push": "^3.6.7"
            },
            "devDependencies": {
                "@capacitor/cli": "latest",
                "@tauri-apps/cli": "^2.11.2",
                "@types/node": "latest",
                "@types/react": "latest",
                "@types/react-dom": "latest",
                "@vitejs/plugin-react": "latest",
                "electron": "^42.4.0",
                "electron-builder": "^26.15.3",
                "typescript": "latest",
                "vite": "latest"
            }
        }
    }
}
